{
  "name": "daily-quote-videos",
  "version": "1.0.0",
  "lockfileVersion": 3,
  "requires": true,
  "packages": {
    "": {
      "name": "daily-quote-videos",
      "version": "1.0.0",
      "license": "MIT",
      "dependencies": {
        "csv-parse": "^6.0.0",
        "@zvid/sdk": "^0.2.0"
      },
      "engines": {
        "node": ">=20"
      }
    },
    "node_modules/csv-parse": {
      "version": "6.2.1",
      "resolved": "https://registry.npmjs.org/csv-parse/-/csv-parse-6.2.1.tgz",
      "integrity": "sha512-LRLMV+UCyfMokp8Wb411duBf1gaBKJfOfBWU9eHMJ+b+cJYZsNu3AFmjJf3+yPGd59Exz1TsMjaSFyxnYB9+IQ==",
      "license": "MIT"
    },
    "node_modules/@zvid/sdk": {
      "version": "0.2.0",
      "resolved": "https://registry.npmjs.org/@zvid/sdk/-/sdk-0.2.0.tgz",
      "integrity": "sha512-aIMicfhsPMTlV3u91aRMnQkJoCPs070+J0e/u6rmqU0eqKN745ACRYlrBk4ADU318AyEF/9Imao4ZSc3UaZAZQ==",
      "license": "MIT",
      "engines": {
        "node": ">=18"
      }
    }
  }
}
